
Microsoft Visual Studio Solution File, Format Version 12.00
# Visual Studio Version 17
VisualStudioVersion = 17.13.35931.197
MinimumVisualStudioVersion = 10.0.40219.1
Project("{FAE04EC0-301F-11D3-BF4B-00C04F79EFBC}") = "WoW", "ConsoleApp1\WoW.csproj", "{491C6411-7C3D-495F-83EE-9738B82F60DA}"
EndProject
Global
	GlobalSection(SolutionConfigurationPlatforms) = preSolution
		Debug|Any CPU = Debug|Any CPU
		Release|Any CPU = Release|Any CPU
	EndGlobalSection
	GlobalSection(ProjectConfigurationPlatforms) = postSolution
		{491C6411-7C3D-495F-83EE-9738B82F60DA}.Debug|Any CPU.ActiveCfg = Debug|Any CPU
		{491C6411-7C3D-495F-83EE-9738B82F60DA}.Debug|Any CPU.Build.0 = Debug|Any CPU
		{491C6411-7C3D-495F-83EE-9738B82F60DA}.Release|Any CPU.ActiveCfg = Release|Any CPU
		{491C6411-7C3D-495F-83EE-9738B82F60DA}.Release|Any CPU.Build.0 = Release|Any CPU
	EndGlobalSection
	GlobalSection(SolutionProperties) = preSolution
		HideSolutionNode = FALSE
	EndGlobalSection
	GlobalSection(ExtensibilityGlobals) = postSolution
		SolutionGuid = {47D3BF79-030E-4D96-AD85-B71257472A6B}
	EndGlobalSection
EndGlobal
